
Microsoft Visual Studio Solution File, Format Version 12.00
# Visual Studio Version 16
VisualStudioVersion = 16.0.30330.147
MinimumVisualStudioVersion = 10.0.40219.1
Project("{FAE04EC0-301F-11D3-BF4B-00C04F79EFBC}") = "CRUD_EntityFramework_alunos", "CRUD_EntityFramework_alunos\CRUD_EntityFramework_alunos.csproj", "{0EDB3BB2-9EE3-4E7F-91B1-653AB1BA64DA}"
EndProject
Global
	GlobalSection(SolutionConfigurationPlatforms) = preSolution
		Debug|Any CPU = Debug|Any CPU
		Release|Any CPU = Release|Any CPU
	EndGlobalSection
	GlobalSection(ProjectConfigurationPlatforms) = postSolution
		{0EDB3BB2-9EE3-4E7F-91B1-653AB1BA64DA}.Debug|Any CPU.ActiveCfg = Debug|Any CPU
		{0EDB3BB2-9EE3-4E7F-91B1-653AB1BA64DA}.Debug|Any CPU.Build.0 = Debug|Any CPU
		{0EDB3BB2-9EE3-4E7F-91B1-653AB1BA64DA}.Release|Any CPU.ActiveCfg = Release|Any CPU
		{0EDB3BB2-9EE3-4E7F-91B1-653AB1BA64DA}.Release|Any CPU.Build.0 = Release|Any CPU
	EndGlobalSection
	GlobalSection(SolutionProperties) = preSolution
		HideSolutionNode = FALSE
	EndGlobalSection
	GlobalSection(ExtensibilityGlobals) = postSolution
		SolutionGuid = {B84D0934-B470-414B-BD29-C76B1C690797}
	EndGlobalSection
EndGlobal
